
Microsoft Visual Studio Solution File, Format Version 12.00
# Visual Studio Version 17
VisualStudioVersion = 17.7.34003.232
MinimumVisualStudioVersion = 10.0.40219.1
Project("{FAE04EC0-301F-11D3-BF4B-00C04F79EFBC}") = "eViewer", "eViewer\eViewer.csproj", "{BC373ED7-2B0E-4C25-B514-5BBD53F7866B}"
EndProject
Global
	GlobalSection(SolutionConfigurationPlatforms) = preSolution
		Debug|Any CPU = Debug|Any CPU
		Release|Any CPU = Release|Any CPU
	EndGlobalSection
	GlobalSection(ProjectConfigurationPlatforms) = postSolution
		{BC373ED7-2B0E-4C25-B514-5BBD53F7866B}.Debug|Any CPU.ActiveCfg = Debug|Any CPU
		{BC373ED7-2B0E-4C25-B514-5BBD53F7866B}.Debug|Any CPU.Build.0 = Debug|Any CPU
		{BC373ED7-2B0E-4C25-B514-5BBD53F7866B}.Release|Any CPU.ActiveCfg = Release|Any CPU
		{BC373ED7-2B0E-4C25-B514-5BBD53F7866B}.Release|Any CPU.Build.0 = Release|Any CPU
	EndGlobalSection
	GlobalSection(SolutionProperties) = preSolution
		HideSolutionNode = FALSE
	EndGlobalSection
	GlobalSection(ExtensibilityGlobals) = postSolution
		SolutionGuid = {168F72D7-935A-4F54-AA68-779DE8422E56}
	EndGlobalSection
EndGlobal
